// !$*UTF8*$!
{
	archiveVersion = 1;
	classes = {
	};
	objectVersion = 51;
	objects = {

/* Begin PBXBuildFile section */
		1819DEC7C60B4699A4C65407 /* Pods_ShopApp_ShopAppUITests.framework in Frameworks */ = {isa = PBXBuildFile; fileRef = F15733BA509D7F11581E816E /* Pods_ShopApp_ShopAppUITests.framework */; };
		413F9AE91160E485706FD906 /* Pods_ShopApp.framework in Frameworks */ = {isa = PBXBuildFile; fileRef = D2E6222FF3BC22D1BB276329 /* Pods_ShopApp.framework */; };
		5595D90625DD4FBD00EF8116 /* AppDelegate.swift in Sources */ = {isa = PBXBuildFile; fileRef = 5595D90525DD4FBD00EF8116 /* AppDelegate.swift */; };
		5595D90A25DD4FBD00EF8116 /* ViewController.swift in Sources */ = {isa = PBXBuildFile; fileRef = 5595D90925DD4FBD00EF8116 /* ViewController.swift */; };
		5595D90D25DD4FBD00EF8116 /* Main.storyboard in Resources */ = {isa = PBXBuildFile; fileRef = 5595D90B25DD4FBD00EF8116 /* Main.storyboard */; };
		5595D90F25DD4FC000EF8116 /* Assets.xcassets in Resources */ = {isa = PBXBuildFile; fileRef = 5595D90E25DD4FC000EF8116 /* Assets.xcassets */; };
		5595D91225DD4FC000EF8116 /* LaunchScreen.storyboard in Resources */ = {isa = PBXBuildFile; fileRef = 5595D91025DD4FC000EF8116 /* LaunchScreen.storyboard */; };
		5595D91D25DD4FC000EF8116 /* ShopAppTests.swift in Sources */ = {isa = PBXBuildFile; fileRef = 5595D91C25DD4FC000EF8116 /* ShopAppTests.swift */; };
		5595D92825DD4FC000EF8116 /* ShopAppUITests.swift in Sources */ = {isa = PBXBuildFile; fileRef = 5595D92725DD4FC000EF8116 /* ShopAppUITests.swift */; };
		5595D94925DD50F500EF8116 /* Theme.swift in Sources */ = {isa = PBXBuildFile; fileRef = 5595D94825DD50F500EF8116 /* Theme.swift */; };
		5595D95125DD514200EF8116 /* Constants.swift in Sources */ = {isa = PBXBuildFile; fileRef = 5595D95025DD514200EF8116 /* Constants.swift */; };
		5595D95625DD520800EF8116 /* AppImages.swift in Sources */ = {isa = PBXBuildFile; fileRef = 5595D95525DD520800EF8116 /* AppImages.swift */; };
		5595D96825DD532300EF8116 /* Localizable.strings in Resources */ = {isa = PBXBuildFile; fileRef = 5595D96A25DD532300EF8116 /* Localizable.strings */; };
		5595D98325DD589E00EF8116 /* NetworkingType.swift in Sources */ = {isa = PBXBuildFile; fileRef = 5595D98225DD589E00EF8116 /* NetworkingType.swift */; };
		5595D98A25DD58B800EF8116 /* FetcherType.swift in Sources */ = {isa = PBXBuildFile; fileRef = 5595D98925DD58B800EF8116 /* FetcherType.swift */; };
		5595D98F25DD58DC00EF8116 /* EndPoint.swift in Sources */ = {isa = PBXBuildFile; fileRef = 5595D98E25DD58DC00EF8116 /* EndPoint.swift */; };
		5595D99425DD594000EF8116 /* Obfuscator.swift in Sources */ = {isa = PBXBuildFile; fileRef = 5595D99325DD594000EF8116 /* Obfuscator.swift */; };
		5595D99925DD597300EF8116 /* Keys.swift in Sources */ = {isa = PBXBuildFile; fileRef = 5595D99825DD597300EF8116 /* Keys.swift */; };
		5595D9B225DD5AB400EF8116 /* ListingEndPoints.swift in Sources */ = {isa = PBXBuildFile; fileRef = 5595D9B125DD5AB400EF8116 /* ListingEndPoints.swift */; };
		5595D9B725DD5B3700EF8116 /* BaseServices.swift in Sources */ = {isa = PBXBuildFile; fileRef = 5595D9B625DD5B3700EF8116 /* BaseServices.swift */; };
		5595D9BC25DD5B6F00EF8116 /* ListingServices.swift in Sources */ = {isa = PBXBuildFile; fileRef = 5595D9BB25DD5B6F00EF8116 /* ListingServices.swift */; };
		5595D9C125DD5C2200EF8116 /* Result.swift in Sources */ = {isa = PBXBuildFile; fileRef = 5595D9C025DD5C2200EF8116 /* Result.swift */; };
		5595D9C625DD5D8200EF8116 /* ListItem.swift in Sources */ = {isa = PBXBuildFile; fileRef = 5595D9C525DD5D8200EF8116 /* ListItem.swift */; };
		5595D9CB25DD5E6300EF8116 /* HttpClient.swift in Sources */ = {isa = PBXBuildFile; fileRef = 5595D9CA25DD5E6300EF8116 /* HttpClient.swift */; };
		5595D9D025DD5E8C00EF8116 /* Fetcher.swift in Sources */ = {isa = PBXBuildFile; fileRef = 5595D9CF25DD5E8C00EF8116 /* Fetcher.swift */; };
		5595D9D725DD5FB800EF8116 /* Injected.swift in Sources */ = {isa = PBXBuildFile; fileRef = 5595D9D625DD5FB800EF8116 /* Injected.swift */; };
		5595D9DC25DD5FD000EF8116 /* Assembler.swift in Sources */ = {isa = PBXBuildFile; fileRef = 5595D9DB25DD5FD000EF8116 /* Assembler.swift */; };
		5595D9E125DD5FE700EF8116 /* CommonAssembly.swift in Sources */ = {isa = PBXBuildFile; fileRef = 5595D9E025DD5FE700EF8116 /* CommonAssembly.swift */; };
		5595D9E625DD5FF700EF8116 /* ServicesAssembly.swift in Sources */ = {isa = PBXBuildFile; fileRef = 5595D9E525DD5FF600EF8116 /* ServicesAssembly.swift */; };
		5595D9EE25DD603F00EF8116 /* MainViewModelsAssembly.swift in Sources */ = {isa = PBXBuildFile; fileRef = 5595D9ED25DD603F00EF8116 /* MainViewModelsAssembly.swift */; };
		5595D9F325DD605D00EF8116 /* ViewModelsAssembly.swift in Sources */ = {isa = PBXBuildFile; fileRef = 5595D9F225DD605D00EF8116 /* ViewModelsAssembly.swift */; };
		5595DA0A25DD623600EF8116 /* ViewModelType.swift in Sources */ = {isa = PBXBuildFile; fileRef = 5595DA0925DD623600EF8116 /* ViewModelType.swift */; };
		5595DA0F25DD625200EF8116 /* Loadable.swift in Sources */ = {isa = PBXBuildFile; fileRef = 5595DA0E25DD625200EF8116 /* Loadable.swift */; };
		5595DA1425DD626E00EF8116 /* ErrorEmitable.swift in Sources */ = {isa = PBXBuildFile; fileRef = 5595DA1325DD626E00EF8116 /* ErrorEmitable.swift */; };
		5595DA1D25DD62C800EF8116 /* BaseViewController.swift in Sources */ = {isa = PBXBuildFile; fileRef = 5595DA1C25DD62C800EF8116 /* BaseViewController.swift */; };
		5595DA2225DD62F200EF8116 /* BaseViewModelController.swift in Sources */ = {isa = PBXBuildFile; fileRef = 5595DA2125DD62F200EF8116 /* BaseViewModelController.swift */; };
		5595DA2A25DD664A00EF8116 /* UIViewController+Helpers.swift in Sources */ = {isa = PBXBuildFile; fileRef = 5595DA2925DD664A00EF8116 /* UIViewController+Helpers.swift */; };
		5595DA3225DD669600EF8116 /* UIView+Helpers.swift in Sources */ = {isa = PBXBuildFile; fileRef = 5595DA3125DD669600EF8116 /* UIView+Helpers.swift */; };
		5595DA3725DD673800EF8116 /* String+Helpers.swift in Sources */ = {isa = PBXBuildFile; fileRef = 5595DA3625DD673700EF8116 /* String+Helpers.swift */; };
		5595DA3D25DD675300EF8116 /* UIView+Layout.swift in Sources */ = {isa = PBXBuildFile; fileRef = 5595DA3C25DD675300EF8116 /* UIView+Layout.swift */; };
		5595DA4225DD676900EF8116 /* UIImage+Helpers.swift in Sources */ = {isa = PBXBuildFile; fileRef = 5595DA4125DD676900EF8116 /* UIImage+Helpers.swift */; };
		5595DA4A25DD678500EF8116 /* UITableView+Helpers.swift in Sources */ = {isa = PBXBuildFile; fileRef = 5595DA4925DD678500EF8116 /* UITableView+Helpers.swift */; };
		5595DA4F25DD67A500EF8116 /* StoryboardUtil.swift in Sources */ = {isa = PBXBuildFile; fileRef = 5595DA4E25DD67A500EF8116 /* StoryboardUtil.swift */; };
		856D03B80DA5368760DD24E9 /* Pods_ShopAppTests.framework in Frameworks */ = {isa = PBXBuildFile; fileRef = AA5D55A50D32321A3F6A6179 /* Pods_ShopAppTests.framework */; };
/* End PBXBuildFile section */

/* Begin PBXContainerItemProxy section */
		5595D91925DD4FC000EF8116 /* PBXContainerItemProxy */ = {
			isa = PBXContainerItemProxy;
			containerPortal = 5595D8FA25DD4FBD00EF8116 /* Project object */;
			proxyType = 1;
			remoteGlobalIDString = 5595D90125DD4FBD00EF8116;
			remoteInfo = ShopApp;
		};
		5595D92425DD4FC000EF8116 /* PBXContainerItemProxy */ = {
			isa = PBXContainerItemProxy;
			containerPortal = 5595D8FA25DD4FBD00EF8116 /* Project object */;
			proxyType = 1;
			remoteGlobalIDString = 5595D90125DD4FBD00EF8116;
			remoteInfo = ShopApp;
		};
/* End PBXContainerItemProxy section */

/* Begin PBXFileReference section */
		1298A18FBDC8B852496CFF64 /* Pods-ShopApp.debug.xcconfig */ = {isa = PBXFileReference; includeInIndex = 1; lastKnownFileType = text.xcconfig; name = "Pods-ShopApp.debug.xcconfig"; path = "Target Support Files/Pods-ShopApp/Pods-ShopApp.debug.xcconfig"; sourceTree = "<group>"; };
		5595D90225DD4FBD00EF8116 /* ShopApp.app */ = {isa = PBXFileReference; explicitFileType = wrapper.application; includeInIndex = 0; path = ShopApp.app; sourceTree = BUILT_PRODUCTS_DIR; };
		5595D90525DD4FBD00EF8116 /* AppDelegate.swift */ = {isa = PBXFileReference; lastKnownFileType = sourcecode.swift; path = AppDelegate.swift; sourceTree = "<group>"; };
		5595D90925DD4FBD00EF8116 /* ViewController.swift */ = {isa = PBXFileReference; lastKnownFileType = sourcecode.swift; path = ViewController.swift; sourceTree = "<group>"; };
		5595D90C25DD4FBD00EF8116 /* Base */ = {isa = PBXFileReference; lastKnownFileType = file.storyboard; name = Base; path = Base.lproj/Main.storyboard; sourceTree = "<group>"; };
		5595D90E25DD4FC000EF8116 /* Assets.xcassets */ = {isa = PBXFileReference; lastKnownFileType = folder.assetcatalog; path = Assets.xcassets; sourceTree = "<group>"; };
		5595D91125DD4FC000EF8116 /* Base */ = {isa = PBXFileReference; lastKnownFileType = file.storyboard; name = Base; path = Base.lproj/LaunchScreen.storyboard; sourceTree = "<group>"; };
		5595D91325DD4FC000EF8116 /* Info.plist */ = {isa = PBXFileReference; lastKnownFileType = text.plist.xml; path = Info.plist; sourceTree = "<group>"; };
		5595D91825DD4FC000EF8116 /* ShopAppTests.xctest */ = {isa = PBXFileReference; explicitFileType = wrapper.cfbundle; includeInIndex = 0; path = ShopAppTests.xctest; sourceTree = BUILT_PRODUCTS_DIR; };
		5595D91C25DD4FC000EF8116 /* ShopAppTests.swift */ = {isa = PBXFileReference; lastKnownFileType = sourcecode.swift; path = ShopAppTests.swift; sourceTree = "<group>"; };
		5595D91E25DD4FC000EF8116 /* Info.plist */ = {isa = PBXFileReference; lastKnownFileType = text.plist.xml; path = Info.plist; sourceTree = "<group>"; };
		5595D92325DD4FC000EF8116 /* ShopAppUITests.xctest */ = {isa = PBXFileReference; explicitFileType = wrapper.cfbundle; includeInIndex = 0; path = ShopAppUITests.xctest; sourceTree = BUILT_PRODUCTS_DIR; };
		5595D92725DD4FC000EF8116 /* ShopAppUITests.swift */ = {isa = PBXFileReference; lastKnownFileType = sourcecode.swift; path = ShopAppUITests.swift; sourceTree = "<group>"; };
		5595D92925DD4FC000EF8116 /* Info.plist */ = {isa = PBXFileReference; lastKnownFileType = text.plist.xml; path = Info.plist; sourceTree = "<group>"; };
		5595D94825DD50F500EF8116 /* Theme.swift */ = {isa = PBXFileReference; lastKnownFileType = sourcecode.swift; path = Theme.swift; sourceTree = "<group>"; };
		5595D95025DD514200EF8116 /* Constants.swift */ = {isa = PBXFileReference; lastKnownFileType = sourcecode.swift; path = Constants.swift; sourceTree = "<group>"; };
		5595D95525DD520800EF8116 /* AppImages.swift */ = {isa = PBXFileReference; lastKnownFileType = sourcecode.swift; path = AppImages.swift; sourceTree = "<group>"; };
		5595D96925DD532300EF8116 /* en */ = {isa = PBXFileReference; lastKnownFileType = text.plist.strings; name = en; path = en.lproj/Localizable.strings; sourceTree = "<group>"; };
		5595D98225DD589E00EF8116 /* NetworkingType.swift */ = {isa = PBXFileReference; lastKnownFileType = sourcecode.swift; path = NetworkingType.swift; sourceTree = "<group>"; };
		5595D98925DD58B800EF8116 /* FetcherType.swift */ = {isa = PBXFileReference; lastKnownFileType = sourcecode.swift; path = FetcherType.swift; sourceTree = "<group>"; };
		5595D98E25DD58DC00EF8116 /* EndPoint.swift */ = {isa = PBXFileReference; lastKnownFileType = sourcecode.swift; path = EndPoint.swift; sourceTree = "<group>"; };
		5595D99325DD594000EF8116 /* Obfuscator.swift */ = {isa = PBXFileReference; lastKnownFileType = sourcecode.swift; path = Obfuscator.swift; sourceTree = "<group>"; };
		5595D99825DD597300EF8116 /* Keys.swift */ = {isa = PBXFileReference; lastKnownFileType = sourcecode.swift; path = Keys.swift; sourceTree = "<group>"; };
		5595D9B125DD5AB400EF8116 /* ListingEndPoints.swift */ = {isa = PBXFileReference; lastKnownFileType = sourcecode.swift; path = ListingEndPoints.swift; sourceTree = "<group>"; };
		5595D9B625DD5B3700EF8116 /* BaseServices.swift */ = {isa = PBXFileReference; lastKnownFileType = sourcecode.swift; path = BaseServices.swift; sourceTree = "<group>"; };
		5595D9BB25DD5B6F00EF8116 /* ListingServices.swift */ = {isa = PBXFileReference; lastKnownFileType = sourcecode.swift; path = ListingServices.swift; sourceTree = "<group>"; };
		5595D9C025DD5C2200EF8116 /* Result.swift */ = {isa = PBXFileReference; lastKnownFileType = sourcecode.swift; path = Result.swift; sourceTree = "<group>"; };
		5595D9C525DD5D8200EF8116 /* ListItem.swift */ = {isa = PBXFileReference; lastKnownFileType = sourcecode.swift; path = ListItem.swift; sourceTree = "<group>"; };
		5595D9CA25DD5E6300EF8116 /* HttpClient.swift */ = {isa = PBXFileReference; lastKnownFileType = sourcecode.swift; path = HttpClient.swift; sourceTree = "<group>"; };
		5595D9CF25DD5E8C00EF8116 /* Fetcher.swift */ = {isa = PBXFileReference; lastKnownFileType = sourcecode.swift; path = Fetcher.swift; sourceTree = "<group>"; };
		5595D9D625DD5FB800EF8116 /* Injected.swift */ = {isa = PBXFileReference; lastKnownFileType = sourcecode.swift; path = Injected.swift; sourceTree = "<group>"; };
		5595D9DB25DD5FD000EF8116 /* Assembler.swift */ = {isa = PBXFileReference; lastKnownFileType = sourcecode.swift; path = Assembler.swift; sourceTree = "<group>"; };
		5595D9E025DD5FE700EF8116 /* CommonAssembly.swift */ = {isa = PBXFileReference; lastKnownFileType = sourcecode.swift; path = CommonAssembly.swift; sourceTree = "<group>"; };
		5595D9E525DD5FF600EF8116 /* ServicesAssembly.swift */ = {isa = PBXFileReference; lastKnownFileType = sourcecode.swift; path = ServicesAssembly.swift; sourceTree = "<group>"; };
		5595D9ED25DD603F00EF8116 /* MainViewModelsAssembly.swift */ = {isa = PBXFileReference; lastKnownFileType = sourcecode.swift; path = MainViewModelsAssembly.swift; sourceTree = "<group>"; };
		5595D9F225DD605D00EF8116 /* ViewModelsAssembly.swift */ = {isa = PBXFileReference; lastKnownFileType = sourcecode.swift; path = ViewModelsAssembly.swift; sourceTree = "<group>"; };
		5595DA0925DD623600EF8116 /* ViewModelType.swift */ = {isa = PBXFileReference; lastKnownFileType = sourcecode.swift; path = ViewModelType.swift; sourceTree = "<group>"; };
		5595DA0E25DD625200EF8116 /* Loadable.swift */ = {isa = PBXFileReference; lastKnownFileType = sourcecode.swift; path = Loadable.swift; sourceTree = "<group>"; };
		5595DA1325DD626E00EF8116 /* ErrorEmitable.swift */ = {isa = PBXFileReference; lastKnownFileType = sourcecode.swift; path = ErrorEmitable.swift; sourceTree = "<group>"; };
		5595DA1C25DD62C800EF8116 /* BaseViewController.swift */ = {isa = PBXFileReference; lastKnownFileType = sourcecode.swift; path = BaseViewController.swift; sourceTree = "<group>"; };
		5595DA2125DD62F200EF8116 /* BaseViewModelController.swift */ = {isa = PBXFileReference; lastKnownFileType = sourcecode.swift; path = BaseViewModelController.swift; sourceTree = "<group>"; };
		5595DA2925DD664A00EF8116 /* UIViewController+Helpers.swift */ = {isa = PBXFileReference; lastKnownFileType = sourcecode.swift; path = "UIViewController+Helpers.swift"; sourceTree = "<group>"; };
		5595DA3125DD669600EF8116 /* UIView+Helpers.swift */ = {isa = PBXFileReference; lastKnownFileType = sourcecode.swift; path = "UIView+Helpers.swift"; sourceTree = "<group>"; };
		5595DA3625DD673700EF8116 /* String+Helpers.swift */ = {isa = PBXFileReference; lastKnownFileType = sourcecode.swift; path = "String+Helpers.swift"; sourceTree = "<group>"; };
		5595DA3C25DD675300EF8116 /* UIView+Layout.swift */ = {isa = PBXFileReference; lastKnownFileType = sourcecode.swift; path = "UIView+Layout.swift"; sourceTree = "<group>"; };
		5595DA4125DD676900EF8116 /* UIImage+Helpers.swift */ = {isa = PBXFileReference; lastKnownFileType = sourcecode.swift; path = "UIImage+Helpers.swift"; sourceTree = "<group>"; };
		5595DA4925DD678500EF8116 /* UITableView+Helpers.swift */ = {isa = PBXFileReference; lastKnownFileType = sourcecode.swift; path = "UITableView+Helpers.swift"; sourceTree = "<group>"; };
		5595DA4E25DD67A500EF8116 /* StoryboardUtil.swift */ = {isa = PBXFileReference; lastKnownFileType = sourcecode.swift; path = StoryboardUtil.swift; sourceTree = "<group>"; };
		82E26559FE780C9BDBEFCF12 /* Pods-ShopApp.release.xcconfig */ = {isa = PBXFileReference; includeInIndex = 1; lastKnownFileType = text.xcconfig; name = "Pods-ShopApp.release.xcconfig"; path = "Target Support Files/Pods-ShopApp/Pods-ShopApp.release.xcconfig"; sourceTree = "<group>"; };
		9822C3598C2126E11A10342E /* Pods-ShopAppTests.debug.xcconfig */ = {isa = PBXFileReference; includeInIndex = 1; lastKnownFileType = text.xcconfig; name = "Pods-ShopAppTests.debug.xcconfig"; path = "Target Support Files/Pods-ShopAppTests/Pods-ShopAppTests.debug.xcconfig"; sourceTree = "<group>"; };
		AA5D55A50D32321A3F6A6179 /* Pods_ShopAppTests.framework */ = {isa = PBXFileReference; explicitFileType = wrapper.framework; includeInIndex = 0; path = Pods_ShopAppTests.framework; sourceTree = BUILT_PRODUCTS_DIR; };
		AA79963155305A5FE9A27289 /* Pods-ShopAppTests.release.xcconfig */ = {isa = PBXFileReference; includeInIndex = 1; lastKnownFileType = text.xcconfig; name = "Pods-ShopAppTests.release.xcconfig"; path = "Target Support Files/Pods-ShopAppTests/Pods-ShopAppTests.release.xcconfig"; sourceTree = "<group>"; };
		BCC1BA9A50F00AC951534A7D /* Pods-ShopApp-ShopAppUITests.release.xcconfig */ = {isa = PBXFileReference; includeInIndex = 1; lastKnownFileType = text.xcconfig; name = "Pods-ShopApp-ShopAppUITests.release.xcconfig"; path = "Target Support Files/Pods-ShopApp-ShopAppUITests/Pods-ShopApp-ShopAppUITests.release.xcconfig"; sourceTree = "<group>"; };
		D2E6222FF3BC22D1BB276329 /* Pods_ShopApp.framework */ = {isa = PBXFileReference; explicitFileType = wrapper.framework; includeInIndex = 0; path = Pods_ShopApp.framework; sourceTree = BUILT_PRODUCTS_DIR; };
		D2F0F6D323696F854D246C1B /* Pods-ShopApp-ShopAppUITests.debug.xcconfig */ = {isa = PBXFileReference; includeInIndex = 1; lastKnownFileType = text.xcconfig; name = "Pods-ShopApp-ShopAppUITests.debug.xcconfig"; path = "Target Support Files/Pods-ShopApp-ShopAppUITests/Pods-ShopApp-ShopAppUITests.debug.xcconfig"; sourceTree = "<group>"; };
		F15733BA509D7F11581E816E /* Pods_ShopApp_ShopAppUITests.framework */ = {isa = PBXFileReference; explicitFileType = wrapper.framework; includeInIndex = 0; path = Pods_ShopApp_ShopAppUITests.framework; sourceTree = BUILT_PRODUCTS_DIR; };
/* End PBXFileReference section */

/* Begin PBXFrameworksBuildPhase section */
		5595D8FF25DD4FBD00EF8116 /* Frameworks */ = {
			isa = PBXFrameworksBuildPhase;
			buildActionMask = 2147483647;
			files = (
				413F9AE91160E485706FD906 /* Pods_ShopApp.framework in Frameworks */,
			);
			runOnlyForDeploymentPostprocessing = 0;
		};
		5595D91525DD4FC000EF8116 /* Frameworks */ = {
			isa = PBXFrameworksBuildPhase;
			buildActionMask = 2147483647;
			files = (
				856D03B80DA5368760DD24E9 /* Pods_ShopAppTests.framework in Frameworks */,
			);
			runOnlyForDeploymentPostprocessing = 0;
		};
		5595D92025DD4FC000EF8116 /* Frameworks */ = {
			isa = PBXFrameworksBuildPhase;
			buildActionMask = 2147483647;
			files = (
				1819DEC7C60B4699A4C65407 /* Pods_ShopApp_ShopAppUITests.framework in Frameworks */,
			);
			runOnlyForDeploymentPostprocessing = 0;
		};
/* End PBXFrameworksBuildPhase section */

/* Begin PBXGroup section */
		2D3531E3218B853CA5207918 /* Frameworks */ = {
			isa = PBXGroup;
			children = (
				D2E6222FF3BC22D1BB276329 /* Pods_ShopApp.framework */,
				F15733BA509D7F11581E816E /* Pods_ShopApp_ShopAppUITests.framework */,
				AA5D55A50D32321A3F6A6179 /* Pods_ShopAppTests.framework */,
			);
			name = Frameworks;
			sourceTree = "<group>";
		};
		5595D8F925DD4FBD00EF8116 = {
			isa = PBXGroup;
			children = (
				5595D90425DD4FBD00EF8116 /* ShopApp */,
				5595D91B25DD4FC000EF8116 /* ShopAppTests */,
				5595D92625DD4FC000EF8116 /* ShopAppUITests */,
				5595D90325DD4FBD00EF8116 /* Products */,
				EB3656A220121504FC027303 /* Pods */,
				2D3531E3218B853CA5207918 /* Frameworks */,
			);
			sourceTree = "<group>";
		};
		5595D90325DD4FBD00EF8116 /* Products */ = {
			isa = PBXGroup;
			children = (
				5595D90225DD4FBD00EF8116 /* ShopApp.app */,
				5595D91825DD4FC000EF8116 /* ShopAppTests.xctest */,
				5595D92325DD4FC000EF8116 /* ShopAppUITests.xctest */,
			);
			name = Products;
			sourceTree = "<group>";
		};
		5595D90425DD4FBD00EF8116 /* ShopApp */ = {
			isa = PBXGroup;
			children = (
				5595D93825DD4FC600EF8116 /* AppDelegate */,
				5595D93F25DD506500EF8116 /* ViewControllers */,
				5595D94625DD50AB00EF8116 /* Views */,
				5595D94125DD507700EF8116 /* Models */,
				5595D94525DD509E00EF8116 /* ViewModels */,
				5595D94225DD507F00EF8116 /* Networking */,
				5595D94025DD506F00EF8116 /* Helpers */,
				5595D94325DD508B00EF8116 /* Resources */,
				5595D95A25DD528400EF8116 /* Storyboards */,
				5595D94425DD509300EF8116 /* SupportFiles */,
			);
			path = ShopApp;
			sourceTree = "<group>";
		};
		5595D91B25DD4FC000EF8116 /* ShopAppTests */ = {
			isa = PBXGroup;
			children = (
				5595D91C25DD4FC000EF8116 /* ShopAppTests.swift */,
				5595D91E25DD4FC000EF8116 /* Info.plist */,
			);
			path = ShopAppTests;
			sourceTree = "<group>";
		};
		5595D92625DD4FC000EF8116 /* ShopAppUITests */ = {
			isa = PBXGroup;
			children = (
				5595D92725DD4FC000EF8116 /* ShopAppUITests.swift */,
				5595D92925DD4FC000EF8116 /* Info.plist */,
			);
			path = ShopAppUITests;
			sourceTree = "<group>";
		};
		5595D93825DD4FC600EF8116 /* AppDelegate */ = {
			isa = PBXGroup;
			children = (
				5595D90525DD4FBD00EF8116 /* AppDelegate.swift */,
			);
			path = AppDelegate;
			sourceTree = "<group>";
		};
		5595D93F25DD506500EF8116 /* ViewControllers */ = {
			isa = PBXGroup;
			children = (
				5595DA1B25DD62B300EF8116 /* Base */,
				5595D90925DD4FBD00EF8116 /* ViewController.swift */,
			);
			path = ViewControllers;
			sourceTree = "<group>";
		};
		5595D94025DD506F00EF8116 /* Helpers */ = {
			isa = PBXGroup;
			children = (
				5595D97325DD540C00EF8116 /* DependencyInjection */,
				5595D97225DD540500EF8116 /* Extensions */,
				5595D94725DD50DB00EF8116 /* Constants */,
				5595D99325DD594000EF8116 /* Obfuscator.swift */,
				5595DA4E25DD67A500EF8116 /* StoryboardUtil.swift */,
			);
			path = Helpers;
			sourceTree = "<group>";
		};
		5595D94125DD507700EF8116 /* Models */ = {
			isa = PBXGroup;
			children = (
				5595D9C025DD5C2200EF8116 /* Result.swift */,
				5595D9C525DD5D8200EF8116 /* ListItem.swift */,
			);
			path = Models;
			sourceTree = "<group>";
		};
		5595D94225DD507F00EF8116 /* Networking */ = {
			isa = PBXGroup;
			children = (
				5595D97125DD53F300EF8116 /* Services */,
				5595D97025DD53EC00EF8116 /* Protocols */,
				5595D96F25DD53E600EF8116 /* EndPoints */,
				5595D9CA25DD5E6300EF8116 /* HttpClient.swift */,
				5595D9CF25DD5E8C00EF8116 /* Fetcher.swift */,
			);
			path = Networking;
			sourceTree = "<group>";
		};
		5595D94325DD508B00EF8116 /* Resources */ = {
			isa = PBXGroup;
			children = (
				5595D95B25DD52A000EF8116 /* Assets */,
				5595D95C25DD52A700EF8116 /* Fonts */,
			);
			path = Resources;
			sourceTree = "<group>";
		};
		5595D94425DD509300EF8116 /* SupportFiles */ = {
			isa = PBXGroup;
			children = (
				5595D91325DD4FC000EF8116 /* Info.plist */,
				5595D96A25DD532300EF8116 /* Localizable.strings */,
			);
			path = SupportFiles;
			sourceTree = "<group>";
		};
		5595D94525DD509E00EF8116 /* ViewModels */ = {
			isa = PBXGroup;
			children = (
				5595DA0825DD622400EF8116 /* ViewModelType */,
			);
			path = ViewModels;
			sourceTree = "<group>";
		};
		5595D94625DD50AB00EF8116 /* Views */ = {
			isa = PBXGroup;
			children = (
				5595D96E25DD53C100EF8116 /* Controls */,
			);
			path = Views;
			sourceTree = "<group>";
		};
		5595D94725DD50DB00EF8116 /* Constants */ = {
			isa = PBXGroup;
			children = (
				5595D94825DD50F500EF8116 /* Theme.swift */,
				5595D95025DD514200EF8116 /* Constants.swift */,
				5595D95525DD520800EF8116 /* AppImages.swift */,
				5595D99825DD597300EF8116 /* Keys.swift */,
			);
			path = Constants;
			sourceTree = "<group>";
		};
		5595D95A25DD528400EF8116 /* Storyboards */ = {
			isa = PBXGroup;
			children = (
				5595D91025DD4FC000EF8116 /* LaunchScreen.storyboard */,
				5595D90B25DD4FBD00EF8116 /* Main.storyboard */,
			);
			path = Storyboards;
			sourceTree = "<group>";
		};
		5595D95B25DD52A000EF8116 /* Assets */ = {
			isa = PBXGroup;
			children = (
				5595D90E25DD4FC000EF8116 /* Assets.xcassets */,
			);
			path = Assets;
			sourceTree = "<group>";
		};
		5595D95C25DD52A700EF8116 /* Fonts */ = {
			isa = PBXGroup;
			children = (
			);
			path = Fonts;
			sourceTree = "<group>";
		};
		5595D96E25DD53C100EF8116 /* Controls */ = {
			isa = PBXGroup;
			children = (
			);
			path = Controls;
			sourceTree = "<group>";
		};
		5595D96F25DD53E600EF8116 /* EndPoints */ = {
			isa = PBXGroup;
			children = (
				5595D9B125DD5AB400EF8116 /* ListingEndPoints.swift */,
			);
			path = EndPoints;
			sourceTree = "<group>";
		};
		5595D97025DD53EC00EF8116 /* Protocols */ = {
			isa = PBXGroup;
			children = (
				5595D98225DD589E00EF8116 /* NetworkingType.swift */,
				5595D98925DD58B800EF8116 /* FetcherType.swift */,
				5595D98E25DD58DC00EF8116 /* EndPoint.swift */,
			);
			path = Protocols;
			sourceTree = "<group>";
		};
		5595D97125DD53F300EF8116 /* Services */ = {
			isa = PBXGroup;
			children = (
				5595D9B625DD5B3700EF8116 /* BaseServices.swift */,
				5595D9BB25DD5B6F00EF8116 /* ListingServices.swift */,
			);
			path = Services;
			sourceTree = "<group>";
		};
		5595D97225DD540500EF8116 /* Extensions */ = {
			isa = PBXGroup;
			children = (
				5595DA3B25DD674A00EF8116 /* UIView */,
				5595DA2925DD664A00EF8116 /* UIViewController+Helpers.swift */,
				5595DA3625DD673700EF8116 /* String+Helpers.swift */,
				5595DA4125DD676900EF8116 /* UIImage+Helpers.swift */,
				5595DA4925DD678500EF8116 /* UITableView+Helpers.swift */,
			);
			path = Extensions;
			sourceTree = "<group>";
		};
		5595D97325DD540C00EF8116 /* DependencyInjection */ = {
			isa = PBXGroup;
			children = (
				5595D9D525DD5FAB00EF8116 /* Common */,
				5595D9D425DD5FA200EF8116 /* ViewModels */,
				5595D9DB25DD5FD000EF8116 /* Assembler.swift */,
				5595D9D625DD5FB800EF8116 /* Injected.swift */,
			);
			path = DependencyInjection;
			sourceTree = "<group>";
		};
		5595D9D425DD5FA200EF8116 /* ViewModels */ = {
			isa = PBXGroup;
			children = (
				5595D9ED25DD603F00EF8116 /* MainViewModelsAssembly.swift */,
				5595D9F225DD605D00EF8116 /* ViewModelsAssembly.swift */,
			);
			path = ViewModels;
			sourceTree = "<group>";
		};
		5595D9D525DD5FAB00EF8116 /* Common */ = {
			isa = PBXGroup;
			children = (
				5595D9E025DD5FE700EF8116 /* CommonAssembly.swift */,
				5595D9E525DD5FF600EF8116 /* ServicesAssembly.swift */,
			);
			path = Common;
			sourceTree = "<group>";
		};
		5595DA0825DD622400EF8116 /* ViewModelType */ = {
			isa = PBXGroup;
			children = (
				5595DA0925DD623600EF8116 /* ViewModelType.swift */,
				5595DA0E25DD625200EF8116 /* Loadable.swift */,
				5595DA1325DD626E00EF8116 /* ErrorEmitable.swift */,
			);
			path = ViewModelType;
			sourceTree = "<group>";
		};
		5595DA1B25DD62B300EF8116 /* Base */ = {
			isa = PBXGroup;
			children = (
				5595DA1C25DD62C800EF8116 /* BaseViewController.swift */,
				5595DA2125DD62F200EF8116 /* BaseViewModelController.swift */,
			);
			path = Base;
			sourceTree = "<group>";
		};
		5595DA3B25DD674A00EF8116 /* UIView */ = {
			isa = PBXGroup;
			children = (
				5595DA3125DD669600EF8116 /* UIView+Helpers.swift */,
				5595DA3C25DD675300EF8116 /* UIView+Layout.swift */,
			);
			path = UIView;
			sourceTree = "<group>";
		};
		EB3656A220121504FC027303 /* Pods */ = {
			isa = PBXGroup;
			children = (
				1298A18FBDC8B852496CFF64 /* Pods-ShopApp.debug.xcconfig */,
				82E26559FE780C9BDBEFCF12 /* Pods-ShopApp.release.xcconfig */,
				D2F0F6D323696F854D246C1B /* Pods-ShopApp-ShopAppUITests.debug.xcconfig */,
				BCC1BA9A50F00AC951534A7D /* Pods-ShopApp-ShopAppUITests.release.xcconfig */,
				9822C3598C2126E11A10342E /* Pods-ShopAppTests.debug.xcconfig */,
				AA79963155305A5FE9A27289 /* Pods-ShopAppTests.release.xcconfig */,
			);
			path = Pods;
			sourceTree = "<group>";
		};
/* End PBXGroup section */

/* Begin PBXNativeTarget section */
		5595D90125DD4FBD00EF8116 /* ShopApp */ = {
			isa = PBXNativeTarget;
			buildConfigurationList = 5595D92C25DD4FC000EF8116 /* Build configuration list for PBXNativeTarget "ShopApp" */;
			buildPhases = (
				CEB399EF36D0F818E47C14E1 /* [CP] Check Pods Manifest.lock */,
				5595D8FE25DD4FBD00EF8116 /* Sources */,
				5595D8FF25DD4FBD00EF8116 /* Frameworks */,
				5595D90025DD4FBD00EF8116 /* Resources */,
				97AB0001352E4952CE368839 /* [CP] Embed Pods Frameworks */,
			);
			buildRules = (
			);
			dependencies = (
			);
			name = ShopApp;
			productName = ShopApp;
			productReference = 5595D90225DD4FBD00EF8116 /* ShopApp.app */;
			productType = "com.apple.product-type.application";
		};
		5595D91725DD4FC000EF8116 /* ShopAppTests */ = {
			isa = PBXNativeTarget;
			buildConfigurationList = 5595D92F25DD4FC000EF8116 /* Build configuration list for PBXNativeTarget "ShopAppTests" */;
			buildPhases = (
				4AB331F971A373D5E174DB4A /* [CP] Check Pods Manifest.lock */,
				5595D91425DD4FC000EF8116 /* Sources */,
				5595D91525DD4FC000EF8116 /* Frameworks */,
				5595D91625DD4FC000EF8116 /* Resources */,
				4E5D6CF385BEC237E777CCEC /* [CP] Embed Pods Frameworks */,
			);
			buildRules = (
			);
			dependencies = (
				5595D91A25DD4FC000EF8116 /* PBXTargetDependency */,
			);
			name = ShopAppTests;
			productName = ShopAppTests;
			productReference = 5595D91825DD4FC000EF8116 /* ShopAppTests.xctest */;
			productType = "com.apple.product-type.bundle.unit-test";
		};
		5595D92225DD4FC000EF8116 /* ShopAppUITests */ = {
			isa = PBXNativeTarget;
			buildConfigurationList = 5595D93225DD4FC000EF8116 /* Build configuration list for PBXNativeTarget "ShopAppUITests" */;
			buildPhases = (
				079B6F5988B4AE46D671041E /* [CP] Check Pods Manifest.lock */,
				5595D91F25DD4FC000EF8116 /* Sources */,
				5595D92025DD4FC000EF8116 /* Frameworks */,
				5595D92125DD4FC000EF8116 /* Resources */,
				CC5D5D6A881C726251FF3702 /* [CP] Embed Pods Frameworks */,
			);
			buildRules = (
			);
			dependencies = (
				5595D92525DD4FC000EF8116 /* PBXTargetDependency */,
			);
			name = ShopAppUITests;
			productName = ShopAppUITests;
			productReference = 5595D92325DD4FC000EF8116 /* ShopAppUITests.xctest */;
			productType = "com.apple.product-type.bundle.ui-testing";
		};
/* End PBXNativeTarget section */

/* Begin PBXProject section */
		5595D8FA25DD4FBD00EF8116 /* Project object */ = {
			isa = PBXProject;
			attributes = {
				LastSwiftUpdateCheck = 1240;
				LastUpgradeCheck = 1240;
				TargetAttributes = {
					5595D90125DD4FBD00EF8116 = {
						CreatedOnToolsVersion = 12.4;
					};
					5595D91725DD4FC000EF8116 = {
						CreatedOnToolsVersion = 12.4;
						TestTargetID = 5595D90125DD4FBD00EF8116;
					};
					5595D92225DD4FC000EF8116 = {
						CreatedOnToolsVersion = 12.4;
						TestTargetID = 5595D90125DD4FBD00EF8116;
					};
				};
			};
			buildConfigurationList = 5595D8FD25DD4FBD00EF8116 /* Build configuration list for PBXProject "ShopApp" */;
			compatibilityVersion = "Xcode 9.3";
			developmentRegion = en;
			hasScannedForEncodings = 0;
			knownRegions = (
				en,
				Base,
			);
			mainGroup = 5595D8F925DD4FBD00EF8116;
			productRefGroup = 5595D90325DD4FBD00EF8116 /* Products */;
			projectDirPath = "";
			projectRoot = "";
			targets = (
				5595D90125DD4FBD00EF8116 /* ShopApp */,
				5595D91725DD4FC000EF8116 /* ShopAppTests */,
				5595D92225DD4FC000EF8116 /* ShopAppUITests */,
			);
		};
/* End PBXProject section */

/* Begin PBXResourcesBuildPhase section */
		5595D90025DD4FBD00EF8116 /* Resources */ = {
			isa = PBXResourcesBuildPhase;
			buildActionMask = 2147483647;
			files = (
				5595D91225DD4FC000EF8116 /* LaunchScreen.storyboard in Resources */,
				5595D96825DD532300EF8116 /* Localizable.strings in Resources */,
				5595D90F25DD4FC000EF8116 /* Assets.xcassets in Resources */,
				5595D90D25DD4FBD00EF8116 /* Main.storyboard in Resources */,
			);
			runOnlyForDeploymentPostprocessing = 0;
		};
		5595D91625DD4FC000EF8116 /* Resources */ = {
			isa = PBXResourcesBuildPhase;
			buildActionMask = 2147483647;
			files = (
			);
			runOnlyForDeploymentPostprocessing = 0;
		};
		5595D92125DD4FC000EF8116 /* Resources */ = {
			isa = PBXResourcesBuildPhase;
			buildActionMask = 2147483647;
			files = (
			);
			runOnlyForDeploymentPostprocessing = 0;
		};
/* End PBXResourcesBuildPhase section */

/* Begin PBXShellScriptBuildPhase section */
		079B6F5988B4AE46D671041E /* [CP] Check Pods Manifest.lock */ = {
			isa = PBXShellScriptBuildPhase;
			buildActionMask = 2147483647;
			files = (
			);
			inputFileListPaths = (
			);
			inputPaths = (
				"${PODS_PODFILE_DIR_PATH}/Podfile.lock",
				"${PODS_ROOT}/Manifest.lock",
			);
			name = "[CP] Check Pods Manifest.lock";
			outputFileListPaths = (
			);
			outputPaths = (
				"$(DERIVED_FILE_DIR)/Pods-ShopApp-ShopAppUITests-checkManifestLockResult.txt",
			);
			runOnlyForDeploymentPostprocessing = 0;
			shellPath = /bin/sh;
			shellScript = "diff \"${PODS_PODFILE_DIR_PATH}/Podfile.lock\" \"${PODS_ROOT}/Manifest.lock\" > /dev/null\nif [ $? != 0 ] ; then\n    # print error to STDERR\n    echo \"error: The sandbox is not in sync with the Podfile.lock. Run 'pod install' or update your CocoaPods installation.\" >&2\n    exit 1\nfi\n# This output is used by Xcode 'outputs' to avoid re-running this script phase.\necho \"SUCCESS\" > \"${SCRIPT_OUTPUT_FILE_0}\"\n";
			showEnvVarsInLog = 0;
		};
		4AB331F971A373D5E174DB4A /* [CP] Check Pods Manifest.lock */ = {
			isa = PBXShellScriptBuildPhase;
			buildActionMask = 2147483647;
			files = (
			);
			inputFileListPaths = (
			);
			inputPaths = (
				"${PODS_PODFILE_DIR_PATH}/Podfile.lock",
				"${PODS_ROOT}/Manifest.lock",
			);
			name = "[CP] Check Pods Manifest.lock";
			outputFileListPaths = (
			);
			outputPaths = (
				"$(DERIVED_FILE_DIR)/Pods-ShopAppTests-checkManifestLockResult.txt",
			);
			runOnlyForDeploymentPostprocessing = 0;
			shellPath = /bin/sh;
			shellScript = "diff \"${PODS_PODFILE_DIR_PATH}/Podfile.lock\" \"${PODS_ROOT}/Manifest.lock\" > /dev/null\nif [ $? != 0 ] ; then\n    # print error to STDERR\n    echo \"error: The sandbox is not in sync with the Podfile.lock. Run 'pod install' or update your CocoaPods installation.\" >&2\n    exit 1\nfi\n# This output is used by Xcode 'outputs' to avoid re-running this script phase.\necho \"SUCCESS\" > \"${SCRIPT_OUTPUT_FILE_0}\"\n";
			showEnvVarsInLog = 0;
		};
		4E5D6CF385BEC237E777CCEC /* [CP] Embed Pods Frameworks */ = {
			isa = PBXShellScriptBuildPhase;
			buildActionMask = 2147483647;
			files = (
			);
			inputFileListPaths = (
				"${PODS_ROOT}/Target Support Files/Pods-ShopAppTests/Pods-ShopAppTests-frameworks-${CONFIGURATION}-input-files.xcfilelist",
			);
			name = "[CP] Embed Pods Frameworks";
			outputFileListPaths = (
				"${PODS_ROOT}/Target Support Files/Pods-ShopAppTests/Pods-ShopAppTests-frameworks-${CONFIGURATION}-output-files.xcfilelist",
			);
			runOnlyForDeploymentPostprocessing = 0;
			shellPath = /bin/sh;
			shellScript = "\"${PODS_ROOT}/Target Support Files/Pods-ShopAppTests/Pods-ShopAppTests-frameworks.sh\"\n";
			showEnvVarsInLog = 0;
		};
		97AB0001352E4952CE368839 /* [CP] Embed Pods Frameworks */ = {
			isa = PBXShellScriptBuildPhase;
			buildActionMask = 2147483647;
			files = (
			);
			inputFileListPaths = (
				"${PODS_ROOT}/Target Support Files/Pods-ShopApp/Pods-ShopApp-frameworks-${CONFIGURATION}-input-files.xcfilelist",
			);
			name = "[CP] Embed Pods Frameworks";
			outputFileListPaths = (
				"${PODS_ROOT}/Target Support Files/Pods-ShopApp/Pods-ShopApp-frameworks-${CONFIGURATION}-output-files.xcfilelist",
			);
			runOnlyForDeploymentPostprocessing = 0;
			shellPath = /bin/sh;
			shellScript = "\"${PODS_ROOT}/Target Support Files/Pods-ShopApp/Pods-ShopApp-frameworks.sh\"\n";
			showEnvVarsInLog = 0;
		};
		CC5D5D6A881C726251FF3702 /* [CP] Embed Pods Frameworks */ = {
			isa = PBXShellScriptBuildPhase;
			buildActionMask = 2147483647;
			files = (
			);
			inputFileListPaths = (
				"${PODS_ROOT}/Target Support Files/Pods-ShopApp-ShopAppUITests/Pods-ShopApp-ShopAppUITests-frameworks-${CONFIGURATION}-input-files.xcfilelist",
			);
			name = "[CP] Embed Pods Frameworks";
			outputFileListPaths = (
				"${PODS_ROOT}/Target Support Files/Pods-ShopApp-ShopAppUITests/Pods-ShopApp-ShopAppUITests-frameworks-${CONFIGURATION}-output-files.xcfilelist",
			);
			runOnlyForDeploymentPostprocessing = 0;
			shellPath = /bin/sh;
			shellScript = "\"${PODS_ROOT}/Target Support Files/Pods-ShopApp-ShopAppUITests/Pods-ShopApp-ShopAppUITests-frameworks.sh\"\n";
			showEnvVarsInLog = 0;
		};
		CEB399EF36D0F818E47C14E1 /* [CP] Check Pods Manifest.lock */ = {
			isa = PBXShellScriptBuildPhase;
			buildActionMask = 2147483647;
			files = (
			);
			inputFileListPaths = (
			);
			inputPaths = (
				"${PODS_PODFILE_DIR_PATH}/Podfile.lock",
				"${PODS_ROOT}/Manifest.lock",
			);
			name = "[CP] Check Pods Manifest.lock";
			outputFileListPaths = (
			);
			outputPaths = (
				"$(DERIVED_FILE_DIR)/Pods-ShopApp-checkManifestLockResult.txt",
			);
			runOnlyForDeploymentPostprocessing = 0;
			shellPath = /bin/sh;
			shellScript = "diff \"${PODS_PODFILE_DIR_PATH}/Podfile.lock\" \"${PODS_ROOT}/Manifest.lock\" > /dev/null\nif [ $? != 0 ] ; then\n    # print error to STDERR\n    echo \"error: The sandbox is not in sync with the Podfile.lock. Run 'pod install' or update your CocoaPods installation.\" >&2\n    exit 1\nfi\n# This output is used by Xcode 'outputs' to avoid re-running this script phase.\necho \"SUCCESS\" > \"${SCRIPT_OUTPUT_FILE_0}\"\n";
			showEnvVarsInLog = 0;
		};
/* End PBXShellScriptBuildPhase section */

/* Begin PBXSourcesBuildPhase section */
		5595D8FE25DD4FBD00EF8116 /* Sources */ = {
			isa = PBXSourcesBuildPhase;
			buildActionMask = 2147483647;
			files = (
				5595D9C625DD5D8200EF8116 /* ListItem.swift in Sources */,
				5595D9EE25DD603F00EF8116 /* MainViewModelsAssembly.swift in Sources */,
				5595D94925DD50F500EF8116 /* Theme.swift in Sources */,
				5595D90A25DD4FBD00EF8116 /* ViewController.swift in Sources */,
				5595D99425DD594000EF8116 /* Obfuscator.swift in Sources */,
				5595DA4A25DD678500EF8116 /* UITableView+Helpers.swift in Sources */,
				5595DA1D25DD62C800EF8116 /* BaseViewController.swift in Sources */,
				5595DA4F25DD67A500EF8116 /* StoryboardUtil.swift in Sources */,
				5595DA4225DD676900EF8116 /* UIImage+Helpers.swift in Sources */,
				5595D9F325DD605D00EF8116 /* ViewModelsAssembly.swift in Sources */,
				5595D98F25DD58DC00EF8116 /* EndPoint.swift in Sources */,
				5595D9C125DD5C2200EF8116 /* Result.swift in Sources */,
				5595D98A25DD58B800EF8116 /* FetcherType.swift in Sources */,
				5595DA3225DD669600EF8116 /* UIView+Helpers.swift in Sources */,
				5595DA0F25DD625200EF8116 /* Loadable.swift in Sources */,
				5595DA2A25DD664A00EF8116 /* UIViewController+Helpers.swift in Sources */,
				5595D90625DD4FBD00EF8116 /* AppDelegate.swift in Sources */,
				5595D9BC25DD5B6F00EF8116 /* ListingServices.swift in Sources */,
				5595D98325DD589E00EF8116 /* NetworkingType.swift in Sources */,
				5595DA3D25DD675300EF8116 /* UIView+Layout.swift in Sources */,
				5595D9CB25DD5E6300EF8116 /* HttpClient.swift in Sources */,
				5595D9D725DD5FB800EF8116 /* Injected.swift in Sources */,
				5595D9E125DD5FE700EF8116 /* CommonAssembly.swift in Sources */,
				5595D9E625DD5FF700EF8116 /* ServicesAssembly.swift in Sources */,
				5595D95625DD520800EF8116 /* AppImages.swift in Sources */,
				5595DA3725DD673800EF8116 /* String+Helpers.swift in Sources */,
				5595DA2225DD62F200EF8116 /* BaseViewModelController.swift in Sources */,
				5595D9B725DD5B3700EF8116 /* BaseServices.swift in Sources */,
				5595D95125DD514200EF8116 /* Constants.swift in Sources */,
				5595D9B225DD5AB400EF8116 /* ListingEndPoints.swift in Sources */,
				5595DA0A25DD623600EF8116 /* ViewModelType.swift in Sources */,
				5595D9D025DD5E8C00EF8116 /* Fetcher.swift in Sources */,
				5595DA1425DD626E00EF8116 /* ErrorEmitable.swift in Sources */,
				5595D99925DD597300EF8116 /* Keys.swift in Sources */,
				5595D9DC25DD5FD000EF8116 /* Assembler.swift in Sources */,
			);
			runOnlyForDeploymentPostprocessing = 0;
		};
		5595D91425DD4FC000EF8116 /* Sources */ = {
			isa = PBXSourcesBuildPhase;
			buildActionMask = 2147483647;
			files = (
				5595D91D25DD4FC000EF8116 /* ShopAppTests.swift in Sources */,
			);
			runOnlyForDeploymentPostprocessing = 0;
		};
		5595D91F25DD4FC000EF8116 /* Sources */ = {
			isa = PBXSourcesBuildPhase;
			buildActionMask = 2147483647;
			files = (
				5595D92825DD4FC000EF8116 /* ShopAppUITests.swift in Sources */,
			);
			runOnlyForDeploymentPostprocessing = 0;
		};
/* End PBXSourcesBuildPhase section */

/* Begin PBXTargetDependency section */
		5595D91A25DD4FC000EF8116 /* PBXTargetDependency */ = {
			isa = PBXTargetDependency;
			target = 5595D90125DD4FBD00EF8116 /* ShopApp */;
			targetProxy = 5595D91925DD4FC000EF8116 /* PBXContainerItemProxy */;
		};
		5595D92525DD4FC000EF8116 /* PBXTargetDependency */ = {
			isa = PBXTargetDependency;
			target = 5595D90125DD4FBD00EF8116 /* ShopApp */;
			targetProxy = 5595D92425DD4FC000EF8116 /* PBXContainerItemProxy */;
		};
/* End PBXTargetDependency section */

/* Begin PBXVariantGroup section */
		5595D90B25DD4FBD00EF8116 /* Main.storyboard */ = {
			isa = PBXVariantGroup;
			children = (
				5595D90C25DD4FBD00EF8116 /* Base */,
			);
			name = Main.storyboard;
			sourceTree = "<group>";
		};
		5595D91025DD4FC000EF8116 /* LaunchScreen.storyboard */ = {
			isa = PBXVariantGroup;
			children = (
				5595D91125DD4FC000EF8116 /* Base */,
			);
			name = LaunchScreen.storyboard;
			sourceTree = "<group>";
		};
		5595D96A25DD532300EF8116 /* Localizable.strings */ = {
			isa = PBXVariantGroup;
			children = (
				5595D96925DD532300EF8116 /* en */,
			);
			name = Localizable.strings;
			sourceTree = "<group>";
		};
/* End PBXVariantGroup section */

/* Begin XCBuildConfiguration section */
		5595D92A25DD4FC000EF8116 /* Debug */ = {
			isa = XCBuildConfiguration;
			buildSettings = {
				ALWAYS_SEARCH_USER_PATHS = NO;
				CLANG_ANALYZER_NONNULL = YES;
				CLANG_ANALYZER_NUMBER_OBJECT_CONVERSION = YES_AGGRESSIVE;
				CLANG_CXX_LANGUAGE_STANDARD = "gnu++14";
				CLANG_CXX_LIBRARY = "libc++";
				CLANG_ENABLE_MODULES = YES;
				CLANG_ENABLE_OBJC_ARC = YES;
				CLANG_ENABLE_OBJC_WEAK = YES;
				CLANG_WARN_BLOCK_CAPTURE_AUTORELEASING = YES;
				CLANG_WARN_BOOL_CONVERSION = YES;
				CLANG_WARN_COMMA = YES;
				CLANG_WARN_CONSTANT_CONVERSION = YES;
				CLANG_WARN_DEPRECATED_OBJC_IMPLEMENTATIONS = YES;
				CLANG_WARN_DIRECT_OBJC_ISA_USAGE = YES_ERROR;
				CLANG_WARN_DOCUMENTATION_COMMENTS = YES;
				CLANG_WARN_EMPTY_BODY = YES;
				CLANG_WARN_ENUM_CONVERSION = YES;
				CLANG_WARN_INFINITE_RECURSION = YES;
				CLANG_WARN_INT_CONVERSION = YES;
				CLANG_WARN_NON_LITERAL_NULL_CONVERSION = YES;
				CLANG_WARN_OBJC_IMPLICIT_RETAIN_SELF = YES;
				CLANG_WARN_OBJC_LITERAL_CONVERSION = YES;
				CLANG_WARN_OBJC_ROOT_CLASS = YES_ERROR;
				CLANG_WARN_QUOTED_INCLUDE_IN_FRAMEWORK_HEADER = YES;
				CLANG_WARN_RANGE_LOOP_ANALYSIS = YES;
				CLANG_WARN_STRICT_PROTOTYPES = YES;
				CLANG_WARN_SUSPICIOUS_MOVE = YES;
				CLANG_WARN_UNGUARDED_AVAILABILITY = YES_AGGRESSIVE;
				CLANG_WARN_UNREACHABLE_CODE = YES;
				CLANG_WARN__DUPLICATE_METHOD_MATCH = YES;
				COPY_PHASE_STRIP = NO;
				DEBUG_INFORMATION_FORMAT = dwarf;
				ENABLE_STRICT_OBJC_MSGSEND = YES;
				ENABLE_TESTABILITY = YES;
				GCC_C_LANGUAGE_STANDARD = gnu11;
				GCC_DYNAMIC_NO_PIC = NO;
				GCC_NO_COMMON_BLOCKS = YES;
				GCC_OPTIMIZATION_LEVEL = 0;
				GCC_PREPROCESSOR_DEFINITIONS = (
					"DEBUG=1",
					"$(inherited)",
				);
				GCC_WARN_64_TO_32_BIT_CONVERSION = YES;
				GCC_WARN_ABOUT_RETURN_TYPE = YES_ERROR;
				GCC_WARN_UNDECLARED_SELECTOR = YES;
				GCC_WARN_UNINITIALIZED_AUTOS = YES_AGGRESSIVE;
				GCC_WARN_UNUSED_FUNCTION = YES;
				GCC_WARN_UNUSED_VARIABLE = YES;
				IPHONEOS_DEPLOYMENT_TARGET = 14.4;
				MTL_ENABLE_DEBUG_INFO = INCLUDE_SOURCE;
				MTL_FAST_MATH = YES;
				ONLY_ACTIVE_ARCH = YES;
				SDKROOT = iphoneos;
				SWIFT_ACTIVE_COMPILATION_CONDITIONS = DEBUG;
				SWIFT_OPTIMIZATION_LEVEL = "-Onone";
			};
			name = Debug;
		};
		5595D92B25DD4FC000EF8116 /* Release */ = {
			isa = XCBuildConfiguration;
			buildSettings = {
				ALWAYS_SEARCH_USER_PATHS = NO;
				CLANG_ANALYZER_NONNULL = YES;
				CLANG_ANALYZER_NUMBER_OBJECT_CONVERSION = YES_AGGRESSIVE;
				CLANG_CXX_LANGUAGE_STANDARD = "gnu++14";
				CLANG_CXX_LIBRARY = "libc++";
				CLANG_ENABLE_MODULES = YES;
				CLANG_ENABLE_OBJC_ARC = YES;
				CLANG_ENABLE_OBJC_WEAK = YES;
				CLANG_WARN_BLOCK_CAPTURE_AUTORELEASING = YES;
				CLANG_WARN_BOOL_CONVERSION = YES;
				CLANG_WARN_COMMA = YES;
				CLANG_WARN_CONSTANT_CONVERSION = YES;
				CLANG_WARN_DEPRECATED_OBJC_IMPLEMENTATIONS = YES;
				CLANG_WARN_DIRECT_OBJC_ISA_USAGE = YES_ERROR;
				CLANG_WARN_DOCUMENTATION_COMMENTS = YES;
				CLANG_WARN_EMPTY_BODY = YES;
				CLANG_WARN_ENUM_CONVERSION = YES;
				CLANG_WARN_INFINITE_RECURSION = YES;
				CLANG_WARN_INT_CONVERSION = YES;
				CLANG_WARN_NON_LITERAL_NULL_CONVERSION = YES;
				CLANG_WARN_OBJC_IMPLICIT_RETAIN_SELF = YES;
				CLANG_WARN_OBJC_LITERAL_CONVERSION = YES;
				CLANG_WARN_OBJC_ROOT_CLASS = YES_ERROR;
				CLANG_WARN_QUOTED_INCLUDE_IN_FRAMEWORK_HEADER = YES;
				CLANG_WARN_RANGE_LOOP_ANALYSIS = YES;
				CLANG_WARN_STRICT_PROTOTYPES = YES;
				CLANG_WARN_SUSPICIOUS_MOVE = YES;
				CLANG_WARN_UNGUARDED_AVAILABILITY = YES_AGGRESSIVE;
				CLANG_WARN_UNREACHABLE_CODE = YES;
				CLANG_WARN__DUPLICATE_METHOD_MATCH = YES;
				COPY_PHASE_STRIP = NO;
				DEBUG_INFORMATION_FORMAT = "dwarf-with-dsym";
				ENABLE_NS_ASSERTIONS = NO;
				ENABLE_STRICT_OBJC_MSGSEND = YES;
				GCC_C_LANGUAGE_STANDARD = gnu11;
				GCC_NO_COMMON_BLOCKS = YES;
				GCC_WARN_64_TO_32_BIT_CONVERSION = YES;
				GCC_WARN_ABOUT_RETURN_TYPE = YES_ERROR;
				GCC_WARN_UNDECLARED_SELECTOR = YES;
				GCC_WARN_UNINITIALIZED_AUTOS = YES_AGGRESSIVE;
				GCC_WARN_UNUSED_FUNCTION = YES;
				GCC_WARN_UNUSED_VARIABLE = YES;
				IPHONEOS_DEPLOYMENT_TARGET = 14.4;
				MTL_ENABLE_DEBUG_INFO = NO;
				MTL_FAST_MATH = YES;
				SDKROOT = iphoneos;
				SWIFT_COMPILATION_MODE = wholemodule;
				SWIFT_OPTIMIZATION_LEVEL = "-O";
				VALIDATE_PRODUCT = YES;
			};
			name = Release;
		};
		5595D92D25DD4FC000EF8116 /* Debug */ = {
			isa = XCBuildConfiguration;
			baseConfigurationReference = 1298A18FBDC8B852496CFF64 /* Pods-ShopApp.debug.xcconfig */;
			buildSettings = {
				ASSETCATALOG_COMPILER_APPICON_NAME = AppIcon;
				ASSETCATALOG_COMPILER_GLOBAL_ACCENT_COLOR_NAME = AccentColor;
				CODE_SIGN_STYLE = Automatic;
				DEVELOPMENT_TEAM = H3MRF55H66;
				INFOPLIST_FILE = "$(SRCROOT)/ShopApp/SupportFiles/Info.plist";
				IPHONEOS_DEPLOYMENT_TARGET = 11.0;
				LD_RUNPATH_SEARCH_PATHS = (
					"$(inherited)",
					"@executable_path/Frameworks",
				);
				PRODUCT_BUNDLE_IDENTIFIER = com.abedalkareem.ShopApp;
				PRODUCT_NAME = "$(TARGET_NAME)";
				SWIFT_VERSION = 5.0;
				TARGETED_DEVICE_FAMILY = "1,2";
			};
			name = Debug;
		};
		5595D92E25DD4FC000EF8116 /* Release */ = {
			isa = XCBuildConfiguration;
			baseConfigurationReference = 82E26559FE780C9BDBEFCF12 /* Pods-ShopApp.release.xcconfig */;
			buildSettings = {
				ASSETCATALOG_COMPILER_APPICON_NAME = AppIcon;
				ASSETCATALOG_COMPILER_GLOBAL_ACCENT_COLOR_NAME = AccentColor;
				CODE_SIGN_STYLE = Automatic;
				DEVELOPMENT_TEAM = H3MRF55H66;
				INFOPLIST_FILE = "$(SRCROOT)/ShopApp/SupportFiles/Info.plist";
				IPHONEOS_DEPLOYMENT_TARGET = 11.0;
				LD_RUNPATH_SEARCH_PATHS = (
					"$(inherited)",
					"@executable_path/Frameworks",
				);
				PRODUCT_BUNDLE_IDENTIFIER = com.abedalkareem.ShopApp;
				PRODUCT_NAME = "$(TARGET_NAME)";
				SWIFT_VERSION = 5.0;
				TARGETED_DEVICE_FAMILY = "1,2";
			};
			name = Release;
		};
		5595D93025DD4FC000EF8116 /* Debug */ = {
			isa = XCBuildConfiguration;
			baseConfigurationReference = 9822C3598C2126E11A10342E /* Pods-ShopAppTests.debug.xcconfig */;
			buildSettings = {
				ALWAYS_EMBED_SWIFT_STANDARD_LIBRARIES = YES;
				BUNDLE_LOADER = "$(TEST_HOST)";
				CODE_SIGN_STYLE = Automatic;
				DEVELOPMENT_TEAM = H3MRF55H66;
				INFOPLIST_FILE = ShopAppTests/Info.plist;
				IPHONEOS_DEPLOYMENT_TARGET = 14.4;
				LD_RUNPATH_SEARCH_PATHS = (
					"$(inherited)",
					"@executable_path/Frameworks",
					"@loader_path/Frameworks",
				);
				PRODUCT_BUNDLE_IDENTIFIER = com.abedalkareem.ShopAppTests;
				PRODUCT_NAME = "$(TARGET_NAME)";
				SWIFT_VERSION = 5.0;
				TARGETED_DEVICE_FAMILY = "1,2";
				TEST_HOST = "$(BUILT_PRODUCTS_DIR)/ShopApp.app/ShopApp";
			};
			name = Debug;
		};
		5595D93125DD4FC000EF8116 /* Release */ = {
			isa = XCBuildConfiguration;
			baseConfigurationReference = AA79963155305A5FE9A27289 /* Pods-ShopAppTests.release.xcconfig */;
			buildSettings = {
				ALWAYS_EMBED_SWIFT_STANDARD_LIBRARIES = YES;
				BUNDLE_LOADER = "$(TEST_HOST)";
				CODE_SIGN_STYLE = Automatic;
				DEVELOPMENT_TEAM = H3MRF55H66;
				INFOPLIST_FILE = ShopAppTests/Info.plist;
				IPHONEOS_DEPLOYMENT_TARGET = 14.4;
				LD_RUNPATH_SEARCH_PATHS = (
					"$(inherited)",
					"@executable_path/Frameworks",
					"@loader_path/Frameworks",
				);
				PRODUCT_BUNDLE_IDENTIFIER = com.abedalkareem.ShopAppTests;
				PRODUCT_NAME = "$(TARGET_NAME)";
				SWIFT_VERSION = 5.0;
				TARGETED_DEVICE_FAMILY = "1,2";
				TEST_HOST = "$(BUILT_PRODUCTS_DIR)/ShopApp.app/ShopApp";
			};
			name = Release;
		};
		5595D93325DD4FC000EF8116 /* Debug */ = {
			isa = XCBuildConfiguration;
			baseConfigurationReference = D2F0F6D323696F854D246C1B /* Pods-ShopApp-ShopAppUITests.debug.xcconfig */;
			buildSettings = {
				ALWAYS_EMBED_SWIFT_STANDARD_LIBRARIES = YES;
				CODE_SIGN_STYLE = Automatic;
				DEVELOPMENT_TEAM = H3MRF55H66;
				INFOPLIST_FILE = ShopAppUITests/Info.plist;
				LD_RUNPATH_SEARCH_PATHS = (
					"$(inherited)",
					"@executable_path/Frameworks",
					"@loader_path/Frameworks",
				);
				PRODUCT_BUNDLE_IDENTIFIER = com.abedalkareem.ShopAppUITests;
				PRODUCT_NAME = "$(TARGET_NAME)";
				SWIFT_VERSION = 5.0;
				TARGETED_DEVICE_FAMILY = "1,2";
				TEST_TARGET_NAME = ShopApp;
			};
			name = Debug;
		};
		5595D93425DD4FC000EF8116 /* Release */ = {
			isa = XCBuildConfiguration;
			baseConfigurationReference = BCC1BA9A50F00AC951534A7D /* Pods-ShopApp-ShopAppUITests.release.xcconfig */;
			buildSettings = {
				ALWAYS_EMBED_SWIFT_STANDARD_LIBRARIES = YES;
				CODE_SIGN_STYLE = Automatic;
				DEVELOPMENT_TEAM = H3MRF55H66;
				INFOPLIST_FILE = ShopAppUITests/Info.plist;
				LD_RUNPATH_SEARCH_PATHS = (
					"$(inherited)",
					"@executable_path/Frameworks",
					"@loader_path/Frameworks",
				);
				PRODUCT_BUNDLE_IDENTIFIER = com.abedalkareem.ShopAppUITests;
				PRODUCT_NAME = "$(TARGET_NAME)";
				SWIFT_VERSION = 5.0;
				TARGETED_DEVICE_FAMILY = "1,2";
				TEST_TARGET_NAME = ShopApp;
			};
			name = Release;
		};
/* End XCBuildConfiguration section */

/* Begin XCConfigurationList section */
		5595D8FD25DD4FBD00EF8116 /* Build configuration list for PBXProject "ShopApp" */ = {
			isa = XCConfigurationList;
			buildConfigurations = (
				5595D92A25DD4FC000EF8116 /* Debug */,
				5595D92B25DD4FC000EF8116 /* Release */,
			);
			defaultConfigurationIsVisible = 0;
			defaultConfigurationName = Release;
		};
		5595D92C25DD4FC000EF8116 /* Build configuration list for PBXNativeTarget "ShopApp" */ = {
			isa = XCConfigurationList;
			buildConfigurations = (
				5595D92D25DD4FC000EF8116 /* Debug */,
				5595D92E25DD4FC000EF8116 /* Release */,
			);
			defaultConfigurationIsVisible = 0;
			defaultConfigurationName = Release;
		};
		5595D92F25DD4FC000EF8116 /* Build configuration list for PBXNativeTarget "ShopAppTests" */ = {
			isa = XCConfigurationList;
			buildConfigurations = (
				5595D93025DD4FC000EF8116 /* Debug */,
				5595D93125DD4FC000EF8116 /* Release */,
			);
			defaultConfigurationIsVisible = 0;
			defaultConfigurationName = Release;
		};
		5595D93225DD4FC000EF8116 /* Build configuration list for PBXNativeTarget "ShopAppUITests" */ = {
			isa = XCConfigurationList;
			buildConfigurations = (
				5595D93325DD4FC000EF8116 /* Debug */,
				5595D93425DD4FC000EF8116 /* Release */,
			);
			defaultConfigurationIsVisible = 0;
			defaultConfigurationName = Release;
		};
/* End XCConfigurationList section */
	};
	rootObject = 5595D8FA25DD4FBD00EF8116 /* Project object */;
}
